
Microsoft Visual Studio Solution File, Format Version 12.00
# Visual Studio 14
VisualStudioVersion = 14.0.24720.0
MinimumVisualStudioVersion = 10.0.40219.1
Project("{FAE04EC0-301F-11D3-BF4B-00C04F79EFBC}") = "SafeSerialPortWithAppDomain001", "SafeSerialPortWithAppDomain001\SafeSerialPortWithAppDomain001.csproj", "{DBE5F3C7-605B-4055-BDA1-C7B42C53D524}"
EndProject
Project("{FAE04EC0-301F-11D3-BF4B-00C04F79EFBC}") = "SafeSerialAppDomain", "SafeSerialAppDomain\SafeSerialAppDomain.csproj", "{1359E4CD-0ABA-4380-A75D-5A54646E217B}"
EndProject
Global
	GlobalSection(SolutionConfigurationPlatforms) = preSolution
		Debug|Any CPU = Debug|Any CPU
		Release|Any CPU = Release|Any CPU
	EndGlobalSection
	GlobalSection(ProjectConfigurationPlatforms) = postSolution
		{DBE5F3C7-605B-4055-BDA1-C7B42C53D524}.Debug|Any CPU.ActiveCfg = Debug|Any CPU
		{DBE5F3C7-605B-4055-BDA1-C7B42C53D524}.Debug|Any CPU.Build.0 = Debug|Any CPU
		{DBE5F3C7-605B-4055-BDA1-C7B42C53D524}.Release|Any CPU.ActiveCfg = Release|Any CPU
		{DBE5F3C7-605B-4055-BDA1-C7B42C53D524}.Release|Any CPU.Build.0 = Release|Any CPU
		{1359E4CD-0ABA-4380-A75D-5A54646E217B}.Debug|Any CPU.ActiveCfg = Debug|Any CPU
		{1359E4CD-0ABA-4380-A75D-5A54646E217B}.Debug|Any CPU.Build.0 = Debug|Any CPU
		{1359E4CD-0ABA-4380-A75D-5A54646E217B}.Release|Any CPU.ActiveCfg = Release|Any CPU
		{1359E4CD-0ABA-4380-A75D-5A54646E217B}.Release|Any CPU.Build.0 = Release|Any CPU
	EndGlobalSection
	GlobalSection(SolutionProperties) = preSolution
		HideSolutionNode = FALSE
	EndGlobalSection
EndGlobal
